<Solution>
  <Project Path="BossFight.Tests/BossFight.Tests.csproj" />
  <Project Path="BossFight/BossFight.csproj" />
  <Project Path="Lv00.Tests/Lv00.Tests.csproj" />
  <Project Path="Lv00/Lv00.csproj" />
  <Project Path="Lv01.Tests/Lv01.Tests.csproj" />
  <Project Path="Lv01/Lv01.csproj" />
  <Project Path="Lv02.Tests/Lv02.Tests.csproj" />
  <Project Path="Lv02/Lv02.csproj" />
  <Project Path="Lv03.Tests/Lv03.Tests.csproj" />
  <Project Path="Lv03/Lv03.csproj" />
</Solution>
